<?xml version="1.0" encoding="utf-8"?>
<Project ToolsVersion="4.0" xmlns="http://schemas.microsoft.com/developer/msbuild/2003">
  <ItemGroup>
    <Filter Include="源文件">
      <UniqueIdentifier>{61145B78-30DD-3030-0EBE-9848AF122F2C}</UniqueIdentifier>
      <Extensions>cpp;c;cc;cxx;def;odl;idl;hpj;bat;asm;asmx</Extensions>
    </Filter>
    <Filter Include="头文件">
      <UniqueIdentifier>{F44D971B-A63E-C3AC-5857-A7D0893B9DA6}</UniqueIdentifier>
      <Extensions>h;hh;hpp;hxx;hm;inl;inc;xsd</Extensions>
    </Filter>
    <Filter Include="资源文件">
      <UniqueIdentifier>{F063858B-7C53-4A28-22AA-91C98E77F537}</UniqueIdentifier>
      <Extensions>rc;ico;cur;bmp;dlg;rc2;rct;bin;rgs;gif;jpg;jpeg;jpe;resx;tiff;tif;png;wav;mfcribbon-ms</Extensions>
    </Filter>
  </ItemGroup>
  <ItemGroup>
    <ClCompile Include="DbgMsg.cpp">
      <Filter>源文件</Filter>
    </ClCompile>
    <ClCompile Include="ImageArea.cpp">
      <Filter>源文件</Filter>
    </ClCompile>
    <ClCompile Include="MyTracker.cpp">
      <Filter>源文件</Filter>
    </ClCompile>
    <ClCompile Include="RecTask.cpp">
      <Filter>源文件</Filter>
    </ClCompile>
    <ClCompile Include="stdafx.cpp">
      <Filter>源文件</Filter>
    </ClCompile>
    <ClCompile Include="thumbnail.cpp">
      <Filter>源文件</Filter>
    </ClCompile>
    <ClCompile Include="Thumbnail1.cpp">
      <Filter>源文件</Filter>
    </ClCompile>
    <ClCompile Include="UserInfoDlg.cpp">
      <Filter>源文件</Filter>
    </ClCompile>
    <ClCompile Include="PicPreviewWnd.cpp">
      <Filter>源文件</Filter>
    </ClCompile>
  </ItemGroup>
  <ItemGroup>
    <ClInclude Include="..\..\inc\THDBUW_Access.h">
      <Filter>头文件</Filter>
    </ClInclude>
    <ClInclude Include="CConfigSet.h">
      <Filter>头文件</Filter>
    </ClInclude>
    <ClInclude Include="CellConfig.h">
      <Filter>头文件</Filter>
    </ClInclude>
    <ClInclude Include="DbgMsg.h">
      <Filter>头文件</Filter>
    </ClInclude>
    <ClInclude Include="ImageArea.h">
      <Filter>头文件</Filter>
    </ClInclude>
    <ClInclude Include="MyTracker.h">
      <Filter>头文件</Filter>
    </ClInclude>
    <ClInclude Include="RecTask.h">
      <Filter>头文件</Filter>
    </ClInclude>
    <ClInclude Include="Resource.h">
      <Filter>头文件</Filter>
    </ClInclude>
    <ClInclude Include="stdafx.h">
      <Filter>头文件</Filter>
    </ClInclude>
    <ClInclude Include="targetver.h">
      <Filter>头文件</Filter>
    </ClInclude>
    <ClInclude Include="thumbnail.h">
      <Filter>头文件</Filter>
    </ClInclude>
    <ClInclude Include="Thumbnail1.h">
      <Filter>头文件</Filter>
    </ClInclude>
    <ClInclude Include="UserInfoDlg.h">
      <Filter>头文件</Filter>
    </ClInclude>
    <ClInclude Include="PicPreviewWnd.h">
      <Filter>头文件</Filter>
    </ClInclude>
  </ItemGroup>
  <ItemGroup>
    <ResourceCompile Include="thumbnail.rc">
      <Filter>资源文件</Filter>
    </ResourceCompile>
  </ItemGroup>
  <ItemGroup>
    <Image Include="bitmap1.bmp">
      <Filter>资源文件</Filter>
    </Image>
    <Image Include="icon1.ico">
      <Filter>资源文件</Filter>
    </Image>
  </ItemGroup>
  <ItemGroup>
    <None Include="res\thumbnail.rc2">
      <Filter>资源文件</Filter>
    </None>
    <None Include="thumbnail.def">
      <Filter>源文件</Filter>
    </None>
  </ItemGroup>
  <ItemGroup>
    <Text Include="ReadMe.txt" />
  </ItemGroup>
</Project>